Microsoft Visual Studio Solution File, Format Version 11.00
# Visual Studio 2008

Project("{526CB305-6FA2-9F26-7271-DB0C3FF982F3}") = "TankMania II", "Assembly-CSharp-vs.csproj", "{736EE44B-A506-E097-5E8D-A90277E25BEC}"
EndProject
Global
	GlobalSection(SolutionConfigurationPlatforms) = preSolution
		Debug|Any CPU = Debug|Any CPU
		Release|Any CPU = Release|Any CPU
	EndGlobalSection
	GlobalSection(ProjectConfigurationPlatforms) = postSolution
		{736EE44B-A506-E097-5E8D-A90277E25BEC}.Debug|Any CPU.ActiveCfg = Debug|Any CPU
		{736EE44B-A506-E097-5E8D-A90277E25BEC}.Debug|Any CPU.Build.0 = Debug|Any CPU
		{736EE44B-A506-E097-5E8D-A90277E25BEC}.Release|Any CPU.ActiveCfg = Release|Any CPU
		{736EE44B-A506-E097-5E8D-A90277E25BEC}.Release|Any CPU.Build.0 = Release|Any CPU
	EndGlobalSection
	GlobalSection(SolutionProperties) = preSolution
		HideSolutionNode = FALSE
	EndGlobalSection
																																						GlobalSection(MonoDevelopProperties) = preSolution
		StartupItem = Assembly-CSharp.csproj
		Policies = $0
		$0.TextStylePolicy = $1
		$1.inheritsSet = null
		$1.scope = text/x-csharp
		$0.CSharpFormattingPolicy = $2
		$2.inheritsSet = Mono
		$2.inheritsScope = text/x-csharp
		$2.scope = text/x-csharp
		$0.TextStylePolicy = $3
		$3.FileWidth = 120
		$3.TabWidth = 4
		$3.EolMarker = Unix
		$3.inheritsSet = Mono
		$3.inheritsScope = text/plain
		$3.scope = text/plain
	EndGlobalSection

EndGlobal
